
Microsoft Visual Studio Solution File, Format Version 12.00
Project("{FAE04EC0-301F-11D3-BF4B-00C04F79EFBC}") = "Slack-GPT-Socket", "Slack-GPT-Socket\Slack-GPT-Socket.csproj", "{C3ADDB04-692E-4700-B264-F3009A0D245E}"
EndProject
Project("{FAE04EC0-301F-11D3-BF4B-00C04F79EFBC}") = "Slack-GPT-Tests", "Slack-GPT-Tests\Slack-GPT-Tests.csproj", "{8513CAC6-F4FB-4821-B229-7B2E31E1DA66}"
EndProject
Global
	GlobalSection(SolutionConfigurationPlatforms) = preSolution
		Debug|Any CPU = Debug|Any CPU
		Release|Any CPU = Release|Any CPU
	EndGlobalSection
	GlobalSection(ProjectConfigurationPlatforms) = postSolution
		{C3ADDB04-692E-4700-B264-F3009A0D245E}.Debug|Any CPU.ActiveCfg = Debug|Any CPU
		{C3ADDB04-692E-4700-B264-F3009A0D245E}.Debug|Any CPU.Build.0 = Debug|Any CPU
		{C3ADDB04-692E-4700-B264-F3009A0D245E}.Release|Any CPU.ActiveCfg = Release|Any CPU
		{C3ADDB04-692E-4700-B264-F3009A0D245E}.Release|Any CPU.Build.0 = Release|Any CPU
		{8513CAC6-F4FB-4821-B229-7B2E31E1DA66}.Debug|Any CPU.ActiveCfg = Debug|Any CPU
		{8513CAC6-F4FB-4821-B229-7B2E31E1DA66}.Debug|Any CPU.Build.0 = Debug|Any CPU
		{8513CAC6-F4FB-4821-B229-7B2E31E1DA66}.Release|Any CPU.ActiveCfg = Release|Any CPU
		{8513CAC6-F4FB-4821-B229-7B2E31E1DA66}.Release|Any CPU.Build.0 = Release|Any CPU
	EndGlobalSection
EndGlobal
